{
    "name": "@mobilejazz/harmony-angular",
    "version": "0.8.2",
    "lockfileVersion": 2,
    "requires": true,
    "packages": {
        "": {
            "name": "@mobilejazz/harmony-angular",
            "version": "0.8.2",
            "license": "Apache-2.0",
            "dependencies": {
                "@angular/common": "7.2.1"
            },
            "peerDependencies": {
                "@mobilejazz/harmony-core": "0.x"
            }
        },
        "node_modules/@angular/common": {
            "version": "7.2.1",
            "resolved": "https://registry.npmjs.org/@angular/common/-/common-7.2.1.tgz",
            "integrity": "sha512-lYf3MeVMz69EriS5ANFY5PerJK0i4xHp/Jy67reb8ydZ+sfW320PUMuFtx3bZvk9PD7NdL3QZvXmla/ogrltTQ==",
            "dependencies": {
                "tslib": "^1.9.0"
            },
            "peerDependencies": {
                "@angular/core": "7.2.1",
                "rxjs": "^6.0.0"
            }
        },
        "node_modules/@mobilejazz/harmony-core": {
            "version": "0.8.0",
            "resolved": "https://registry.npmjs.org/@mobilejazz/harmony-core/-/harmony-core-0.8.0.tgz",
            "integrity": "sha512-EpJLvFidYBhWnFqzr7De/v0IuuCggYD1ecvtJpYimWD0TukM1qmjXebygoFkNa53S+5xWNQzXXsDv2CzDyKJeQ==",
            "peer": true,
            "dependencies": {
                "@types/mysql": "^2.15.7",
                "class-transformer": "~0.3.1"
            },
            "peerDependencies": {
                "@bugfender/sdk": "1.x"
            }
        },
        "node_modules/@types/mysql": {
            "version": "2.15.18",
            "resolved": "https://registry.npmjs.org/@types/mysql/-/mysql-2.15.18.tgz",
            "integrity": "sha512-JW74Nh3P/RDAnaP8uXe1qmRpoFBO84SiWvWoSju/F5+2S1kVBi1FbbDoqK/sTZrCCxySaOJnRATvWD+bLcJjAg==",
            "peer": true,
            "dependencies": {
                "@types/node": "*"
            }
        },
        "node_modules/@types/node": {
            "version": "14.14.37",
            "resolved": "https://registry.npmjs.org/@types/node/-/node-14.14.37.tgz",
            "integrity": "sha512-XYmBiy+ohOR4Lh5jE379fV2IU+6Jn4g5qASinhitfyO71b/sCo6MKsMLF5tc7Zf2CE8hViVQyYSobJNke8OvUw==",
            "peer": true
        },
        "node_modules/class-transformer": {
            "version": "0.3.1",
            "resolved": "https://registry.npmjs.org/class-transformer/-/class-transformer-0.3.1.tgz",
            "integrity": "sha512-cKFwohpJbuMovS8xVLmn8N2AUbAuc8pVo4zEfsUVo8qgECOogns1WVk/FkOZoxhOPTyTYFckuoH+13FO+MQ8GA==",
            "peer": true
        },
        "node_modules/tslib": {
            "version": "1.9.3",
            "resolved": "https://registry.npmjs.org/tslib/-/tslib-1.9.3.tgz",
            "integrity": "sha512-4krF8scpejhaOgqzBEcGM7yDIEfi0/8+8zDRZhNZZ2kjmHJ4hv3zCbQWxoJGz1iw5U0Jl0nma13xzHXcncMavQ=="
        }
    },
    "dependencies": {
        "@angular/common": {
            "version": "7.2.1",
            "resolved": "https://registry.npmjs.org/@angular/common/-/common-7.2.1.tgz",
            "integrity": "sha512-lYf3MeVMz69EriS5ANFY5PerJK0i4xHp/Jy67reb8ydZ+sfW320PUMuFtx3bZvk9PD7NdL3QZvXmla/ogrltTQ==",
            "requires": {
                "tslib": "^1.9.0"
            }
        },
        "@mobilejazz/harmony-core": {
            "version": "0.8.0",
            "resolved": "https://registry.npmjs.org/@mobilejazz/harmony-core/-/harmony-core-0.8.0.tgz",
            "integrity": "sha512-EpJLvFidYBhWnFqzr7De/v0IuuCggYD1ecvtJpYimWD0TukM1qmjXebygoFkNa53S+5xWNQzXXsDv2CzDyKJeQ==",
            "peer": true,
            "requires": {
                "@types/mysql": "^2.15.7",
                "class-transformer": "~0.3.1"
            }
        },
        "@types/mysql": {
            "version": "2.15.18",
            "resolved": "https://registry.npmjs.org/@types/mysql/-/mysql-2.15.18.tgz",
            "integrity": "sha512-JW74Nh3P/RDAnaP8uXe1qmRpoFBO84SiWvWoSju/F5+2S1kVBi1FbbDoqK/sTZrCCxySaOJnRATvWD+bLcJjAg==",
            "peer": true,
            "requires": {
                "@types/node": "*"
            }
        },
        "@types/node": {
            "version": "14.14.37",
            "resolved": "https://registry.npmjs.org/@types/node/-/node-14.14.37.tgz",
            "integrity": "sha512-XYmBiy+ohOR4Lh5jE379fV2IU+6Jn4g5qASinhitfyO71b/sCo6MKsMLF5tc7Zf2CE8hViVQyYSobJNke8OvUw==",
            "peer": true
        },
        "class-transformer": {
            "version": "0.3.1",
            "resolved": "https://registry.npmjs.org/class-transformer/-/class-transformer-0.3.1.tgz",
            "integrity": "sha512-cKFwohpJbuMovS8xVLmn8N2AUbAuc8pVo4zEfsUVo8qgECOogns1WVk/FkOZoxhOPTyTYFckuoH+13FO+MQ8GA==",
            "peer": true
        },
        "tslib": {
            "version": "1.9.3",
            "resolved": "https://registry.npmjs.org/tslib/-/tslib-1.9.3.tgz",
            "integrity": "sha512-4krF8scpejhaOgqzBEcGM7yDIEfi0/8+8zDRZhNZZ2kjmHJ4hv3zCbQWxoJGz1iw5U0Jl0nma13xzHXcncMavQ=="
        }
    }
}
