{
    "name": "@mobilejazz/harmony-core",
    "version": "0.10.0",
    "lockfileVersion": 2,
    "requires": true,
    "packages": {
        "": {
            "name": "@mobilejazz/harmony-core",
            "version": "0.10.0",
            "license": "Apache-2.0",
            "dependencies": {
                "@types/mysql": "^2.15.19",
                "class-transformer": "^0.4.0"
            }
        },
        "node_modules/@types/mysql": {
            "version": "2.15.19",
            "resolved": "https://registry.npmjs.org/@types/mysql/-/mysql-2.15.19.tgz",
            "integrity": "sha512-wSRg2QZv14CWcZXkgdvHbbV2ACufNy5EgI8mBBxnJIptchv7DBy/h53VMa2jDhyo0C9MO4iowE6z9vF8Ja1DkQ==",
            "dependencies": {
                "@types/node": "*"
            }
        },
        "node_modules/@types/node": {
            "version": "16.11.7",
            "resolved": "https://registry.npmjs.org/@types/node/-/node-16.11.7.tgz",
            "integrity": "sha512-QB5D2sqfSjCmTuWcBWyJ+/44bcjO7VbjSbOE0ucoVbAsSNQc4Lt6QkgkVXkTDwkL4z/beecZNDvVX15D4P8Jbw=="
        },
        "node_modules/class-transformer": {
            "version": "0.4.0",
            "resolved": "https://registry.npmjs.org/class-transformer/-/class-transformer-0.4.0.tgz",
            "integrity": "sha512-ETWD/H2TbWbKEi7m9N4Km5+cw1hNcqJSxlSYhsLsNjQzWWiZIYA1zafxpK9PwVfaZ6AqR5rrjPVUBGESm5tQUA=="
        }
    },
    "dependencies": {
        "@types/mysql": {
            "version": "2.15.19",
            "resolved": "https://registry.npmjs.org/@types/mysql/-/mysql-2.15.19.tgz",
            "integrity": "sha512-wSRg2QZv14CWcZXkgdvHbbV2ACufNy5EgI8mBBxnJIptchv7DBy/h53VMa2jDhyo0C9MO4iowE6z9vF8Ja1DkQ==",
            "requires": {
                "@types/node": "*"
            }
        },
        "@types/node": {
            "version": "16.11.7",
            "resolved": "https://registry.npmjs.org/@types/node/-/node-16.11.7.tgz",
            "integrity": "sha512-QB5D2sqfSjCmTuWcBWyJ+/44bcjO7VbjSbOE0ucoVbAsSNQc4Lt6QkgkVXkTDwkL4z/beecZNDvVX15D4P8Jbw=="
        },
        "class-transformer": {
            "version": "0.4.0",
            "resolved": "https://registry.npmjs.org/class-transformer/-/class-transformer-0.4.0.tgz",
            "integrity": "sha512-ETWD/H2TbWbKEi7m9N4Km5+cw1hNcqJSxlSYhsLsNjQzWWiZIYA1zafxpK9PwVfaZ6AqR5rrjPVUBGESm5tQUA=="
        }
    }
}
