{
    "name": "@mobilejazz/harmony-core",
    "version": "0.9.0",
    "lockfileVersion": 2,
    "requires": true,
    "packages": {
        "": {
            "name": "@mobilejazz/harmony-core",
            "version": "0.8.2",
            "license": "Apache-2.0",
            "dependencies": {
                "@types/mysql": "^2.15.7",
                "class-transformer": "~0.3.1"
            }
        },
        "node_modules/@types/mysql": {
            "version": "2.15.8",
            "resolved": "https://registry.npmjs.org/@types/mysql/-/mysql-2.15.8.tgz",
            "integrity": "sha512-l0TUdg6KDEaLO75/yjdjksobJDRWv8iZlpRfv/WW1lQZCQDKdTDnKCkeH10oapzP/JTuKiTy6Cvq/sm/0GgcUw==",
            "dependencies": {
                "@types/node": "*"
            }
        },
        "node_modules/@types/node": {
            "version": "13.1.5",
            "resolved": "https://registry.npmjs.org/@types/node/-/node-13.1.5.tgz",
            "integrity": "sha512-wupvfmtbqRJzjCm1H2diy7wo31Gn1OzvqoxCfQuKM9eSecogzP0WTlrjdq7cf7jgSO2ZX6hxwgRPR8Wt7FA22g=="
        },
        "node_modules/class-transformer": {
            "version": "0.3.1",
            "resolved": "https://registry.npmjs.org/class-transformer/-/class-transformer-0.3.1.tgz",
            "integrity": "sha512-cKFwohpJbuMovS8xVLmn8N2AUbAuc8pVo4zEfsUVo8qgECOogns1WVk/FkOZoxhOPTyTYFckuoH+13FO+MQ8GA=="
        }
    },
    "dependencies": {
        "@types/mysql": {
            "version": "2.15.8",
            "resolved": "https://registry.npmjs.org/@types/mysql/-/mysql-2.15.8.tgz",
            "integrity": "sha512-l0TUdg6KDEaLO75/yjdjksobJDRWv8iZlpRfv/WW1lQZCQDKdTDnKCkeH10oapzP/JTuKiTy6Cvq/sm/0GgcUw==",
            "requires": {
                "@types/node": "*"
            }
        },
        "@types/node": {
            "version": "13.1.5",
            "resolved": "https://registry.npmjs.org/@types/node/-/node-13.1.5.tgz",
            "integrity": "sha512-wupvfmtbqRJzjCm1H2diy7wo31Gn1OzvqoxCfQuKM9eSecogzP0WTlrjdq7cf7jgSO2ZX6hxwgRPR8Wt7FA22g=="
        },
        "class-transformer": {
            "version": "0.3.1",
            "resolved": "https://registry.npmjs.org/class-transformer/-/class-transformer-0.3.1.tgz",
            "integrity": "sha512-cKFwohpJbuMovS8xVLmn8N2AUbAuc8pVo4zEfsUVo8qgECOogns1WVk/FkOZoxhOPTyTYFckuoH+13FO+MQ8GA=="
        }
    }
}
